
Microsoft Visual Studio Solution File, Format Version 12.00
# Visual Studio 15
VisualStudioVersion = 15.0.28307.539
MinimumVisualStudioVersion = 10.0.40219.1
Project("{2150E333-8FDC-42A3-9474-1A3956D46DE8}") = "Solution Items", "Solution Items", "{22A2E655-452D-410E-9B96-8D5CE54054B9}"
	ProjectSection(SolutionItems) = preProject
		.gitignore = .gitignore
		LICENSE = LICENSE
		README.md = README.md
	EndProjectSection
EndProject
Project("{E24C65DC-7377-472B-9ABA-BC803B73C61A}") = "docs", "docs\", "{444458D3-E2F1-4CF9-9801-204D81C434DB}"
	ProjectSection(WebsiteProperties) = preProject
		TargetFrameworkMoniker = ".NETFramework,Version%3Dv4.0"
		Debug.AspNetCompiler.VirtualPath = "/localhost_53631"
		Debug.AspNetCompiler.PhysicalPath = "docs\"
		Debug.AspNetCompiler.TargetPath = "PrecompiledWeb\localhost_53631\"
		Debug.AspNetCompiler.Updateable = "true"
		Debug.AspNetCompiler.ForceOverwrite = "true"
		Debug.AspNetCompiler.FixedNames = "false"
		Debug.AspNetCompiler.Debug = "True"
		Release.AspNetCompiler.VirtualPath = "/localhost_53631"
		Release.AspNetCompiler.PhysicalPath = "docs\"
		Release.AspNetCompiler.TargetPath = "PrecompiledWeb\localhost_53631\"
		Release.AspNetCompiler.Updateable = "true"
		Release.AspNetCompiler.ForceOverwrite = "true"
		Release.AspNetCompiler.FixedNames = "false"
		Release.AspNetCompiler.Debug = "False"
		VWDPort = "53631"
		SlnRelativePath = "docs\"
		StartServerOnDebug = "false"
	EndProjectSection
EndProject
Project("{FAE04EC0-301F-11D3-BF4B-00C04F79EFBC}") = "Social-Office-SCRM-Demo", "src\Social-Office-SCRM-Demo\Social-Office-SCRM-Demo.csproj", "{C774B774-1FB3-4346-943D-EA2CBBC1A43C}"
EndProject
Project("{FAE04EC0-301F-11D3-BF4B-00C04F79EFBC}") = "SODesktops", "..\Social-Office-SCRM\src\SO.Desktops\SODesktops.csproj", "{4E2A6223-FD30-4B8A-82F0-658959E0AE44}"
EndProject
Project("{2150E333-8FDC-42A3-9474-1A3956D46DE8}") = "Desktop", "Desktop", "{3DFA20CB-9D5A-45E9-AD46-3B8F3F824E49}"
EndProject
Project("{2150E333-8FDC-42A3-9474-1A3956D46DE8}") = "Web", "Web", "{792A8CEF-BD1A-46B9-A2FD-1CF3C41F4DBF}"
EndProject
Project("{FAE04EC0-301F-11D3-BF4B-00C04F79EFBC}") = "SO.Web", "src\SO.Web\SO.Web.csproj", "{CF0D0B86-BA02-445A-98C3-806CA96FEF75}"
EndProject
Project("{2150E333-8FDC-42A3-9474-1A3956D46DE8}") = "DB", "DB", "{4C6F027D-DFD2-4DC6-9D13-D33B7A2B8336}"
EndProject
Project("{00D1A9C2-B5F0-4AF3-8072-F6C62B433612}") = "Database-Social-Office-SCRM-Demos", "src\Database-Social-Office-SCRM-Demos\Database-Social-Office-SCRM-Demos.sqlproj", "{A7DF7AB9-2381-40A6-B0AD-DA2237A40685}"
EndProject
Project("{FAE04EC0-301F-11D3-BF4B-00C04F79EFBC}") = "SO.SalesDemo.Model", "src\SO.SalesDemo.Model\SO.SalesDemo.Model.csproj", "{A1FA4771-94BD-4481-9D16-491B006F3830}"
EndProject
Project("{FAE04EC0-301F-11D3-BF4B-00C04F79EFBC}") = "SO.DashboardSalesDemo.Wpf", "src\SO.DashboardSalesDemo.Wpf\SO.DashboardSalesDemo.Wpf.csproj", "{980C6752-2637-4831-A4DC-F33452285BB1}"
EndProject
Project("{FAE04EC0-301F-11D3-BF4B-00C04F79EFBC}") = "SO.Desktop", "..\Social-Office-SCRM\src\SO.Desktop\SO.Desktop.csproj", "{0D8F3AE8-0724-43E6-A511-DACFFD068CDE}"
EndProject
Project("{FAE04EC0-301F-11D3-BF4B-00C04F79EFBC}") = "SO.Desktop.Bootstrapper", "..\Social-Office-SCRM\src\SO.Desktop.Bootstrapper\SO.Desktop.Bootstrapper.csproj", "{E0C53992-3CA5-41C1-A17B-AE686CC7C0EB}"
EndProject
Global
	GlobalSection(SolutionConfigurationPlatforms) = preSolution
		ClickOnce Debug|Any CPU = ClickOnce Debug|Any CPU
		ClickOnce Debug|x64 = ClickOnce Debug|x64
		ClickOnce Release|Any CPU = ClickOnce Release|Any CPU
		ClickOnce Release|x64 = ClickOnce Release|x64
		Debug|Any CPU = Debug|Any CPU
		Debug|x64 = Debug|x64
		DebugTest|Any CPU = DebugTest|Any CPU
		DebugTest|x64 = DebugTest|x64
		Release|Any CPU = Release|Any CPU
		Release|x64 = Release|x64
	EndGlobalSection
	GlobalSection(ProjectConfigurationPlatforms) = postSolution
		{444458D3-E2F1-4CF9-9801-204D81C434DB}.ClickOnce Debug|Any CPU.ActiveCfg = Debug|Any CPU
		{444458D3-E2F1-4CF9-9801-204D81C434DB}.ClickOnce Debug|Any CPU.Build.0 = Debug|Any CPU
		{444458D3-E2F1-4CF9-9801-204D81C434DB}.ClickOnce Debug|x64.ActiveCfg = Debug|Any CPU
		{444458D3-E2F1-4CF9-9801-204D81C434DB}.ClickOnce Debug|x64.Build.0 = Debug|Any CPU
		{444458D3-E2F1-4CF9-9801-204D81C434DB}.ClickOnce Release|Any CPU.ActiveCfg = Debug|Any CPU
		{444458D3-E2F1-4CF9-9801-204D81C434DB}.ClickOnce Release|Any CPU.Build.0 = Debug|Any CPU
		{444458D3-E2F1-4CF9-9801-204D81C434DB}.ClickOnce Release|x64.ActiveCfg = Debug|Any CPU
		{444458D3-E2F1-4CF9-9801-204D81C434DB}.ClickOnce Release|x64.Build.0 = Debug|Any CPU
		{444458D3-E2F1-4CF9-9801-204D81C434DB}.Debug|Any CPU.ActiveCfg = Debug|Any CPU
		{444458D3-E2F1-4CF9-9801-204D81C434DB}.Debug|Any CPU.Build.0 = Debug|Any CPU
		{444458D3-E2F1-4CF9-9801-204D81C434DB}.Debug|x64.ActiveCfg = Debug|Any CPU
		{444458D3-E2F1-4CF9-9801-204D81C434DB}.Debug|x64.Build.0 = Debug|Any CPU
		{444458D3-E2F1-4CF9-9801-204D81C434DB}.DebugTest|Any CPU.ActiveCfg = Debug|Any CPU
		{444458D3-E2F1-4CF9-9801-204D81C434DB}.DebugTest|Any CPU.Build.0 = Debug|Any CPU
		{444458D3-E2F1-4CF9-9801-204D81C434DB}.DebugTest|x64.ActiveCfg = Debug|Any CPU
		{444458D3-E2F1-4CF9-9801-204D81C434DB}.DebugTest|x64.Build.0 = Debug|Any CPU
		{444458D3-E2F1-4CF9-9801-204D81C434DB}.Release|Any CPU.ActiveCfg = Debug|Any CPU
		{444458D3-E2F1-4CF9-9801-204D81C434DB}.Release|Any CPU.Build.0 = Debug|Any CPU
		{444458D3-E2F1-4CF9-9801-204D81C434DB}.Release|x64.ActiveCfg = Debug|Any CPU
		{444458D3-E2F1-4CF9-9801-204D81C434DB}.Release|x64.Build.0 = Debug|Any CPU
		{C774B774-1FB3-4346-943D-EA2CBBC1A43C}.ClickOnce Debug|Any CPU.ActiveCfg = Debug|Any CPU
		{C774B774-1FB3-4346-943D-EA2CBBC1A43C}.ClickOnce Debug|Any CPU.Build.0 = Debug|Any CPU
		{C774B774-1FB3-4346-943D-EA2CBBC1A43C}.ClickOnce Debug|x64.ActiveCfg = Debug|Any CPU
		{C774B774-1FB3-4346-943D-EA2CBBC1A43C}.ClickOnce Debug|x64.Build.0 = Debug|Any CPU
		{C774B774-1FB3-4346-943D-EA2CBBC1A43C}.ClickOnce Release|Any CPU.ActiveCfg = Release|Any CPU
		{C774B774-1FB3-4346-943D-EA2CBBC1A43C}.ClickOnce Release|Any CPU.Build.0 = Release|Any CPU
		{C774B774-1FB3-4346-943D-EA2CBBC1A43C}.ClickOnce Release|x64.ActiveCfg = Release|Any CPU
		{C774B774-1FB3-4346-943D-EA2CBBC1A43C}.ClickOnce Release|x64.Build.0 = Release|Any CPU
		{C774B774-1FB3-4346-943D-EA2CBBC1A43C}.Debug|Any CPU.ActiveCfg = Debug|Any CPU
		{C774B774-1FB3-4346-943D-EA2CBBC1A43C}.Debug|Any CPU.Build.0 = Debug|Any CPU
		{C774B774-1FB3-4346-943D-EA2CBBC1A43C}.Debug|x64.ActiveCfg = Debug|Any CPU
		{C774B774-1FB3-4346-943D-EA2CBBC1A43C}.Debug|x64.Build.0 = Debug|Any CPU
		{C774B774-1FB3-4346-943D-EA2CBBC1A43C}.DebugTest|Any CPU.ActiveCfg = Debug|Any CPU
		{C774B774-1FB3-4346-943D-EA2CBBC1A43C}.DebugTest|Any CPU.Build.0 = Debug|Any CPU
		{C774B774-1FB3-4346-943D-EA2CBBC1A43C}.DebugTest|x64.ActiveCfg = Debug|Any CPU
		{C774B774-1FB3-4346-943D-EA2CBBC1A43C}.DebugTest|x64.Build.0 = Debug|Any CPU
		{C774B774-1FB3-4346-943D-EA2CBBC1A43C}.Release|Any CPU.ActiveCfg = Release|Any CPU
		{C774B774-1FB3-4346-943D-EA2CBBC1A43C}.Release|Any CPU.Build.0 = Release|Any CPU
		{C774B774-1FB3-4346-943D-EA2CBBC1A43C}.Release|x64.ActiveCfg = Release|Any CPU
		{C774B774-1FB3-4346-943D-EA2CBBC1A43C}.Release|x64.Build.0 = Release|Any CPU
		{4E2A6223-FD30-4B8A-82F0-658959E0AE44}.ClickOnce Debug|Any CPU.ActiveCfg = Debug|Any CPU
		{4E2A6223-FD30-4B8A-82F0-658959E0AE44}.ClickOnce Debug|x64.ActiveCfg = Debug|x64
		{4E2A6223-FD30-4B8A-82F0-658959E0AE44}.ClickOnce Release|Any CPU.ActiveCfg = Release|Any CPU
		{4E2A6223-FD30-4B8A-82F0-658959E0AE44}.ClickOnce Release|x64.ActiveCfg = Release|x64
		{4E2A6223-FD30-4B8A-82F0-658959E0AE44}.Debug|Any CPU.ActiveCfg = Debug|Any CPU
		{4E2A6223-FD30-4B8A-82F0-658959E0AE44}.Debug|Any CPU.Build.0 = Debug|Any CPU
		{4E2A6223-FD30-4B8A-82F0-658959E0AE44}.Debug|x64.ActiveCfg = Debug|x64
		{4E2A6223-FD30-4B8A-82F0-658959E0AE44}.Debug|x64.Build.0 = Debug|x64
		{4E2A6223-FD30-4B8A-82F0-658959E0AE44}.DebugTest|Any CPU.ActiveCfg = Debug|Any CPU
		{4E2A6223-FD30-4B8A-82F0-658959E0AE44}.DebugTest|x64.ActiveCfg = Debug|x64
		{4E2A6223-FD30-4B8A-82F0-658959E0AE44}.Release|Any CPU.ActiveCfg = Release|Any CPU
		{4E2A6223-FD30-4B8A-82F0-658959E0AE44}.Release|Any CPU.Build.0 = Release|Any CPU
		{4E2A6223-FD30-4B8A-82F0-658959E0AE44}.Release|x64.ActiveCfg = Release|x64
		{4E2A6223-FD30-4B8A-82F0-658959E0AE44}.Release|x64.Build.0 = Release|x64
		{CF0D0B86-BA02-445A-98C3-806CA96FEF75}.ClickOnce Debug|Any CPU.ActiveCfg = Debug|Any CPU
		{CF0D0B86-BA02-445A-98C3-806CA96FEF75}.ClickOnce Debug|Any CPU.Build.0 = Debug|Any CPU
		{CF0D0B86-BA02-445A-98C3-806CA96FEF75}.ClickOnce Debug|x64.ActiveCfg = Debug|x64
		{CF0D0B86-BA02-445A-98C3-806CA96FEF75}.ClickOnce Debug|x64.Build.0 = Debug|x64
		{CF0D0B86-BA02-445A-98C3-806CA96FEF75}.ClickOnce Release|Any CPU.ActiveCfg = Release|Any CPU
		{CF0D0B86-BA02-445A-98C3-806CA96FEF75}.ClickOnce Release|Any CPU.Build.0 = Release|Any CPU
		{CF0D0B86-BA02-445A-98C3-806CA96FEF75}.ClickOnce Release|x64.ActiveCfg = Release|x64
		{CF0D0B86-BA02-445A-98C3-806CA96FEF75}.ClickOnce Release|x64.Build.0 = Release|x64
		{CF0D0B86-BA02-445A-98C3-806CA96FEF75}.Debug|Any CPU.ActiveCfg = Debug|Any CPU
		{CF0D0B86-BA02-445A-98C3-806CA96FEF75}.Debug|Any CPU.Build.0 = Debug|Any CPU
		{CF0D0B86-BA02-445A-98C3-806CA96FEF75}.Debug|x64.ActiveCfg = Debug|x64
		{CF0D0B86-BA02-445A-98C3-806CA96FEF75}.Debug|x64.Build.0 = Debug|x64
		{CF0D0B86-BA02-445A-98C3-806CA96FEF75}.DebugTest|Any CPU.ActiveCfg = Debug|Any CPU
		{CF0D0B86-BA02-445A-98C3-806CA96FEF75}.DebugTest|Any CPU.Build.0 = Debug|Any CPU
		{CF0D0B86-BA02-445A-98C3-806CA96FEF75}.DebugTest|x64.ActiveCfg = Debug|x64
		{CF0D0B86-BA02-445A-98C3-806CA96FEF75}.DebugTest|x64.Build.0 = Debug|x64
		{CF0D0B86-BA02-445A-98C3-806CA96FEF75}.Release|Any CPU.ActiveCfg = Release|Any CPU
		{CF0D0B86-BA02-445A-98C3-806CA96FEF75}.Release|Any CPU.Build.0 = Release|Any CPU
		{CF0D0B86-BA02-445A-98C3-806CA96FEF75}.Release|x64.ActiveCfg = Release|x64
		{CF0D0B86-BA02-445A-98C3-806CA96FEF75}.Release|x64.Build.0 = Release|x64
		{A7DF7AB9-2381-40A6-B0AD-DA2237A40685}.ClickOnce Debug|Any CPU.ActiveCfg = Debug|Any CPU
		{A7DF7AB9-2381-40A6-B0AD-DA2237A40685}.ClickOnce Debug|Any CPU.Build.0 = Debug|Any CPU
		{A7DF7AB9-2381-40A6-B0AD-DA2237A40685}.ClickOnce Debug|Any CPU.Deploy.0 = Debug|Any CPU
		{A7DF7AB9-2381-40A6-B0AD-DA2237A40685}.ClickOnce Debug|x64.ActiveCfg = Debug|Any CPU
		{A7DF7AB9-2381-40A6-B0AD-DA2237A40685}.ClickOnce Debug|x64.Build.0 = Debug|Any CPU
		{A7DF7AB9-2381-40A6-B0AD-DA2237A40685}.ClickOnce Debug|x64.Deploy.0 = Debug|Any CPU
		{A7DF7AB9-2381-40A6-B0AD-DA2237A40685}.ClickOnce Release|Any CPU.ActiveCfg = Release|Any CPU
		{A7DF7AB9-2381-40A6-B0AD-DA2237A40685}.ClickOnce Release|Any CPU.Build.0 = Release|Any CPU
		{A7DF7AB9-2381-40A6-B0AD-DA2237A40685}.ClickOnce Release|Any CPU.Deploy.0 = Release|Any CPU
		{A7DF7AB9-2381-40A6-B0AD-DA2237A40685}.ClickOnce Release|x64.ActiveCfg = Release|Any CPU
		{A7DF7AB9-2381-40A6-B0AD-DA2237A40685}.ClickOnce Release|x64.Build.0 = Release|Any CPU
		{A7DF7AB9-2381-40A6-B0AD-DA2237A40685}.ClickOnce Release|x64.Deploy.0 = Release|Any CPU
		{A7DF7AB9-2381-40A6-B0AD-DA2237A40685}.Debug|Any CPU.ActiveCfg = Debug|Any CPU
		{A7DF7AB9-2381-40A6-B0AD-DA2237A40685}.Debug|Any CPU.Build.0 = Debug|Any CPU
		{A7DF7AB9-2381-40A6-B0AD-DA2237A40685}.Debug|Any CPU.Deploy.0 = Debug|Any CPU
		{A7DF7AB9-2381-40A6-B0AD-DA2237A40685}.Debug|x64.ActiveCfg = Debug|Any CPU
		{A7DF7AB9-2381-40A6-B0AD-DA2237A40685}.Debug|x64.Build.0 = Debug|Any CPU
		{A7DF7AB9-2381-40A6-B0AD-DA2237A40685}.Debug|x64.Deploy.0 = Debug|Any CPU
		{A7DF7AB9-2381-40A6-B0AD-DA2237A40685}.DebugTest|Any CPU.ActiveCfg = Debug|Any CPU
		{A7DF7AB9-2381-40A6-B0AD-DA2237A40685}.DebugTest|Any CPU.Build.0 = Debug|Any CPU
		{A7DF7AB9-2381-40A6-B0AD-DA2237A40685}.DebugTest|Any CPU.Deploy.0 = Debug|Any CPU
		{A7DF7AB9-2381-40A6-B0AD-DA2237A40685}.DebugTest|x64.ActiveCfg = Debug|Any CPU
		{A7DF7AB9-2381-40A6-B0AD-DA2237A40685}.DebugTest|x64.Build.0 = Debug|Any CPU
		{A7DF7AB9-2381-40A6-B0AD-DA2237A40685}.DebugTest|x64.Deploy.0 = Debug|Any CPU
		{A7DF7AB9-2381-40A6-B0AD-DA2237A40685}.Release|Any CPU.ActiveCfg = Release|Any CPU
		{A7DF7AB9-2381-40A6-B0AD-DA2237A40685}.Release|Any CPU.Build.0 = Release|Any CPU
		{A7DF7AB9-2381-40A6-B0AD-DA2237A40685}.Release|Any CPU.Deploy.0 = Release|Any CPU
		{A7DF7AB9-2381-40A6-B0AD-DA2237A40685}.Release|x64.ActiveCfg = Release|Any CPU
		{A7DF7AB9-2381-40A6-B0AD-DA2237A40685}.Release|x64.Build.0 = Release|Any CPU
		{A7DF7AB9-2381-40A6-B0AD-DA2237A40685}.Release|x64.Deploy.0 = Release|Any CPU
		{A1FA4771-94BD-4481-9D16-491B006F3830}.ClickOnce Debug|Any CPU.ActiveCfg = ClickOnce Debug|Any CPU
		{A1FA4771-94BD-4481-9D16-491B006F3830}.ClickOnce Debug|Any CPU.Build.0 = ClickOnce Debug|Any CPU
		{A1FA4771-94BD-4481-9D16-491B006F3830}.ClickOnce Debug|x64.ActiveCfg = ClickOnce Debug|Any CPU
		{A1FA4771-94BD-4481-9D16-491B006F3830}.ClickOnce Debug|x64.Build.0 = ClickOnce Debug|Any CPU
		{A1FA4771-94BD-4481-9D16-491B006F3830}.ClickOnce Release|Any CPU.ActiveCfg = ClickOnce Release|Any CPU
		{A1FA4771-94BD-4481-9D16-491B006F3830}.ClickOnce Release|Any CPU.Build.0 = ClickOnce Release|Any CPU
		{A1FA4771-94BD-4481-9D16-491B006F3830}.ClickOnce Release|x64.ActiveCfg = ClickOnce Release|Any CPU
		{A1FA4771-94BD-4481-9D16-491B006F3830}.ClickOnce Release|x64.Build.0 = ClickOnce Release|Any CPU
		{A1FA4771-94BD-4481-9D16-491B006F3830}.Debug|Any CPU.ActiveCfg = Debug|Any CPU
		{A1FA4771-94BD-4481-9D16-491B006F3830}.Debug|Any CPU.Build.0 = Debug|Any CPU
		{A1FA4771-94BD-4481-9D16-491B006F3830}.Debug|x64.ActiveCfg = Debug|Any CPU
		{A1FA4771-94BD-4481-9D16-491B006F3830}.Debug|x64.Build.0 = Debug|Any CPU
		{A1FA4771-94BD-4481-9D16-491B006F3830}.DebugTest|Any CPU.ActiveCfg = Debug|Any CPU
		{A1FA4771-94BD-4481-9D16-491B006F3830}.DebugTest|Any CPU.Build.0 = Debug|Any CPU
		{A1FA4771-94BD-4481-9D16-491B006F3830}.DebugTest|x64.ActiveCfg = Debug|Any CPU
		{A1FA4771-94BD-4481-9D16-491B006F3830}.DebugTest|x64.Build.0 = Debug|Any CPU
		{A1FA4771-94BD-4481-9D16-491B006F3830}.Release|Any CPU.ActiveCfg = Release|Any CPU
		{A1FA4771-94BD-4481-9D16-491B006F3830}.Release|Any CPU.Build.0 = Release|Any CPU
		{A1FA4771-94BD-4481-9D16-491B006F3830}.Release|x64.ActiveCfg = Release|Any CPU
		{A1FA4771-94BD-4481-9D16-491B006F3830}.Release|x64.Build.0 = Release|Any CPU
		{980C6752-2637-4831-A4DC-F33452285BB1}.ClickOnce Debug|Any CPU.ActiveCfg = ClickOnce Debug|Any CPU
		{980C6752-2637-4831-A4DC-F33452285BB1}.ClickOnce Debug|Any CPU.Build.0 = ClickOnce Debug|Any CPU
		{980C6752-2637-4831-A4DC-F33452285BB1}.ClickOnce Debug|x64.ActiveCfg = ClickOnce Debug|Any CPU
		{980C6752-2637-4831-A4DC-F33452285BB1}.ClickOnce Debug|x64.Build.0 = ClickOnce Debug|Any CPU
		{980C6752-2637-4831-A4DC-F33452285BB1}.ClickOnce Release|Any CPU.ActiveCfg = ClickOnce Release|Any CPU
		{980C6752-2637-4831-A4DC-F33452285BB1}.ClickOnce Release|Any CPU.Build.0 = ClickOnce Release|Any CPU
		{980C6752-2637-4831-A4DC-F33452285BB1}.ClickOnce Release|x64.ActiveCfg = ClickOnce Release|Any CPU
		{980C6752-2637-4831-A4DC-F33452285BB1}.ClickOnce Release|x64.Build.0 = ClickOnce Release|Any CPU
		{980C6752-2637-4831-A4DC-F33452285BB1}.Debug|Any CPU.ActiveCfg = Debug|Any CPU
		{980C6752-2637-4831-A4DC-F33452285BB1}.Debug|Any CPU.Build.0 = Debug|Any CPU
		{980C6752-2637-4831-A4DC-F33452285BB1}.Debug|x64.ActiveCfg = Debug|Any CPU
		{980C6752-2637-4831-A4DC-F33452285BB1}.Debug|x64.Build.0 = Debug|Any CPU
		{980C6752-2637-4831-A4DC-F33452285BB1}.DebugTest|Any CPU.ActiveCfg = DebugTest|Any CPU
		{980C6752-2637-4831-A4DC-F33452285BB1}.DebugTest|Any CPU.Build.0 = DebugTest|Any CPU
		{980C6752-2637-4831-A4DC-F33452285BB1}.DebugTest|x64.ActiveCfg = DebugTest|Any CPU
		{980C6752-2637-4831-A4DC-F33452285BB1}.DebugTest|x64.Build.0 = DebugTest|Any CPU
		{980C6752-2637-4831-A4DC-F33452285BB1}.Release|Any CPU.ActiveCfg = Release|Any CPU
		{980C6752-2637-4831-A4DC-F33452285BB1}.Release|Any CPU.Build.0 = Release|Any CPU
		{980C6752-2637-4831-A4DC-F33452285BB1}.Release|x64.ActiveCfg = Release|Any CPU
		{980C6752-2637-4831-A4DC-F33452285BB1}.Release|x64.Build.0 = Release|Any CPU
		{0D8F3AE8-0724-43E6-A511-DACFFD068CDE}.ClickOnce Debug|Any CPU.ActiveCfg = Debug|Any CPU
		{0D8F3AE8-0724-43E6-A511-DACFFD068CDE}.ClickOnce Debug|Any CPU.Build.0 = Debug|Any CPU
		{0D8F3AE8-0724-43E6-A511-DACFFD068CDE}.ClickOnce Debug|x64.ActiveCfg = Debug|x64
		{0D8F3AE8-0724-43E6-A511-DACFFD068CDE}.ClickOnce Debug|x64.Build.0 = Debug|x64
		{0D8F3AE8-0724-43E6-A511-DACFFD068CDE}.ClickOnce Release|Any CPU.ActiveCfg = Release|Any CPU
		{0D8F3AE8-0724-43E6-A511-DACFFD068CDE}.ClickOnce Release|Any CPU.Build.0 = Release|Any CPU
		{0D8F3AE8-0724-43E6-A511-DACFFD068CDE}.ClickOnce Release|x64.ActiveCfg = Release|x64
		{0D8F3AE8-0724-43E6-A511-DACFFD068CDE}.ClickOnce Release|x64.Build.0 = Release|x64
		{0D8F3AE8-0724-43E6-A511-DACFFD068CDE}.Debug|Any CPU.ActiveCfg = Debug|Any CPU
		{0D8F3AE8-0724-43E6-A511-DACFFD068CDE}.Debug|Any CPU.Build.0 = Debug|Any CPU
		{0D8F3AE8-0724-43E6-A511-DACFFD068CDE}.Debug|x64.ActiveCfg = Debug|x64
		{0D8F3AE8-0724-43E6-A511-DACFFD068CDE}.Debug|x64.Build.0 = Debug|x64
		{0D8F3AE8-0724-43E6-A511-DACFFD068CDE}.DebugTest|Any CPU.ActiveCfg = Debug|Any CPU
		{0D8F3AE8-0724-43E6-A511-DACFFD068CDE}.DebugTest|Any CPU.Build.0 = Debug|Any CPU
		{0D8F3AE8-0724-43E6-A511-DACFFD068CDE}.DebugTest|x64.ActiveCfg = Debug|x64
		{0D8F3AE8-0724-43E6-A511-DACFFD068CDE}.DebugTest|x64.Build.0 = Debug|x64
		{0D8F3AE8-0724-43E6-A511-DACFFD068CDE}.Release|Any CPU.ActiveCfg = Release|Any CPU
		{0D8F3AE8-0724-43E6-A511-DACFFD068CDE}.Release|Any CPU.Build.0 = Release|Any CPU
		{0D8F3AE8-0724-43E6-A511-DACFFD068CDE}.Release|x64.ActiveCfg = Release|x64
		{0D8F3AE8-0724-43E6-A511-DACFFD068CDE}.Release|x64.Build.0 = Release|x64
		{E0C53992-3CA5-41C1-A17B-AE686CC7C0EB}.ClickOnce Debug|Any CPU.ActiveCfg = Debug|Any CPU
		{E0C53992-3CA5-41C1-A17B-AE686CC7C0EB}.ClickOnce Debug|Any CPU.Build.0 = Debug|Any CPU
		{E0C53992-3CA5-41C1-A17B-AE686CC7C0EB}.ClickOnce Debug|x64.ActiveCfg = Debug|x64
		{E0C53992-3CA5-41C1-A17B-AE686CC7C0EB}.ClickOnce Debug|x64.Build.0 = Debug|x64
		{E0C53992-3CA5-41C1-A17B-AE686CC7C0EB}.ClickOnce Release|Any CPU.ActiveCfg = Release|Any CPU
		{E0C53992-3CA5-41C1-A17B-AE686CC7C0EB}.ClickOnce Release|Any CPU.Build.0 = Release|Any CPU
		{E0C53992-3CA5-41C1-A17B-AE686CC7C0EB}.ClickOnce Release|x64.ActiveCfg = Release|x64
		{E0C53992-3CA5-41C1-A17B-AE686CC7C0EB}.ClickOnce Release|x64.Build.0 = Release|x64
		{E0C53992-3CA5-41C1-A17B-AE686CC7C0EB}.Debug|Any CPU.ActiveCfg = Debug|Any CPU
		{E0C53992-3CA5-41C1-A17B-AE686CC7C0EB}.Debug|Any CPU.Build.0 = Debug|Any CPU
		{E0C53992-3CA5-41C1-A17B-AE686CC7C0EB}.Debug|x64.ActiveCfg = Debug|x64
		{E0C53992-3CA5-41C1-A17B-AE686CC7C0EB}.Debug|x64.Build.0 = Debug|x64
		{E0C53992-3CA5-41C1-A17B-AE686CC7C0EB}.DebugTest|Any CPU.ActiveCfg = Debug|Any CPU
		{E0C53992-3CA5-41C1-A17B-AE686CC7C0EB}.DebugTest|Any CPU.Build.0 = Debug|Any CPU
		{E0C53992-3CA5-41C1-A17B-AE686CC7C0EB}.DebugTest|x64.ActiveCfg = Debug|x64
		{E0C53992-3CA5-41C1-A17B-AE686CC7C0EB}.DebugTest|x64.Build.0 = Debug|x64
		{E0C53992-3CA5-41C1-A17B-AE686CC7C0EB}.Release|Any CPU.ActiveCfg = Release|Any CPU
		{E0C53992-3CA5-41C1-A17B-AE686CC7C0EB}.Release|Any CPU.Build.0 = Release|Any CPU
		{E0C53992-3CA5-41C1-A17B-AE686CC7C0EB}.Release|x64.ActiveCfg = Release|x64
		{E0C53992-3CA5-41C1-A17B-AE686CC7C0EB}.Release|x64.Build.0 = Release|x64
	EndGlobalSection
	GlobalSection(SolutionProperties) = preSolution
		HideSolutionNode = FALSE
	EndGlobalSection
	GlobalSection(NestedProjects) = preSolution
		{C774B774-1FB3-4346-943D-EA2CBBC1A43C} = {3DFA20CB-9D5A-45E9-AD46-3B8F3F824E49}
		{CF0D0B86-BA02-445A-98C3-806CA96FEF75} = {792A8CEF-BD1A-46B9-A2FD-1CF3C41F4DBF}
		{A7DF7AB9-2381-40A6-B0AD-DA2237A40685} = {4C6F027D-DFD2-4DC6-9D13-D33B7A2B8336}
		{A1FA4771-94BD-4481-9D16-491B006F3830} = {4C6F027D-DFD2-4DC6-9D13-D33B7A2B8336}
		{980C6752-2637-4831-A4DC-F33452285BB1} = {3DFA20CB-9D5A-45E9-AD46-3B8F3F824E49}
	EndGlobalSection
	GlobalSection(ExtensibilityGlobals) = postSolution
		SolutionGuid = {FE8BECF5-38D2-4FD9-9A55-5A288FBB861B}
	EndGlobalSection
EndGlobal
